{
    "requires": true,
    "lockfileVersion": 1,
    "dependencies": {
        "sweetalert2": {
            "version": "7.26.28",
            "resolved": "https://registry.npmjs.org/sweetalert2/-/sweetalert2-7.26.28.tgz",
            "integrity": "sha512-UVeTTixsniQVoXUYRFx4KO2c4kE7J86EIR+XewM4hgXdnBaHFuiO9z0cn8rMG7yVzprzAJc/poeC1lWh702cew=="
        }
    }
}
